
Microsoft Visual Studio Solution File, Format Version 12.00
# Visual Studio Version 16
VisualStudioVersion = 16.0.810.13
MinimumVisualStudioVersion = 10.0.40219.1
Project("{FAE04EC0-301F-11D3-BF4B-00C04F79EFBC}") = "EFLab", "EFLab\EFLab.csproj", "{83F84C32-8A1B-469E-8097-11ABF7190037}"
EndProject
Project("{FAE04EC0-301F-11D3-BF4B-00C04F79EFBC}") = "EFLab.Domain", "EFLab.Domain\EFLab.Domain.csproj", "{407B8048-3C09-4F0B-AFB8-17C4624ECF5B}"
EndProject
Project("{FAE04EC0-301F-11D3-BF4B-00C04F79EFBC}") = "EFLab.Persistence", "EFLab.Persistence\EFLab.Persistence.csproj", "{B86BE7C0-0D44-41DF-B474-74FD8EF2E133}"
EndProject
Global
	GlobalSection(SolutionConfigurationPlatforms) = preSolution
		Debug|Any CPU = Debug|Any CPU
		Release|Any CPU = Release|Any CPU
	EndGlobalSection
	GlobalSection(ProjectConfigurationPlatforms) = postSolution
		{83F84C32-8A1B-469E-8097-11ABF7190037}.Debug|Any CPU.ActiveCfg = Debug|Any CPU
		{83F84C32-8A1B-469E-8097-11ABF7190037}.Debug|Any CPU.Build.0 = Debug|Any CPU
		{83F84C32-8A1B-469E-8097-11ABF7190037}.Release|Any CPU.ActiveCfg = Release|Any CPU
		{83F84C32-8A1B-469E-8097-11ABF7190037}.Release|Any CPU.Build.0 = Release|Any CPU
		{407B8048-3C09-4F0B-AFB8-17C4624ECF5B}.Debug|Any CPU.ActiveCfg = Debug|Any CPU
		{407B8048-3C09-4F0B-AFB8-17C4624ECF5B}.Debug|Any CPU.Build.0 = Debug|Any CPU
		{407B8048-3C09-4F0B-AFB8-17C4624ECF5B}.Release|Any CPU.ActiveCfg = Release|Any CPU
		{407B8048-3C09-4F0B-AFB8-17C4624ECF5B}.Release|Any CPU.Build.0 = Release|Any CPU
		{B86BE7C0-0D44-41DF-B474-74FD8EF2E133}.Debug|Any CPU.ActiveCfg = Debug|Any CPU
		{B86BE7C0-0D44-41DF-B474-74FD8EF2E133}.Debug|Any CPU.Build.0 = Debug|Any CPU
		{B86BE7C0-0D44-41DF-B474-74FD8EF2E133}.Release|Any CPU.ActiveCfg = Release|Any CPU
		{B86BE7C0-0D44-41DF-B474-74FD8EF2E133}.Release|Any CPU.Build.0 = Release|Any CPU
	EndGlobalSection
	GlobalSection(SolutionProperties) = preSolution
		HideSolutionNode = FALSE
	EndGlobalSection
	GlobalSection(ExtensibilityGlobals) = postSolution
		SolutionGuid = {0D22B4D4-8373-477D-9107-DB54A7C58C01}
	EndGlobalSection
EndGlobal
